
Microsoft Visual Studio Solution File, Format Version 12.00
# Visual Studio Version 17
VisualStudioVersion = 17.10.34707.107
MinimumVisualStudioVersion = 10.0.40219.1
Project("{2150E333-8FDC-42A3-9474-1A3956D46DE8}") = "Services", "Services", "{63827621-7907-4DAD-A782-99D9ED98DAFA}"
EndProject
Project("{2150E333-8FDC-42A3-9474-1A3956D46DE8}") = "Catalog", "Catalog", "{4547E135-B382-455F-9FF2-E252E60B807D}"
EndProject
Project("{9A19103F-16F7-4668-BE54-9A1E7A4F7556}") = "Catalog.API", "Services\Catalog\Catalog.API\Catalog.API.csproj", "{C0F59C99-FA69-4BF1-9A49-47DC8ECBF54D}"
EndProject
Project("{2150E333-8FDC-42A3-9474-1A3956D46DE8}") = "BuildingBlocks", "BuildingBlocks", "{3537C254-3620-4090-B244-751756878411}"
EndProject
Project("{9A19103F-16F7-4668-BE54-9A1E7A4F7556}") = "BuildingBlocks", "BuildingBlocks\BuildingBlocks\BuildingBlocks.csproj", "{887999D2-4EC5-40DA-BEA6-253A4F1A19CA}"
EndProject
Project("{E53339B2-1760-4266-BCC7-CA923CBCF16C}") = "docker-compose", "docker-compose.dcproj", "{85B530C1-90C7-4D93-8D7B-6A926331D844}"
EndProject
Project("{2150E333-8FDC-42A3-9474-1A3956D46DE8}") = "Basket", "Basket", "{6C4C4B6A-FAA1-414E-8A92-204D3ECC7729}"
EndProject
Project("{9A19103F-16F7-4668-BE54-9A1E7A4F7556}") = "Basket.API", "Services\Basket\Basket.API\Basket.API.csproj", "{38C5D24D-0DF3-4B08-BAD8-422B30F6A62F}"
EndProject
Project("{2150E333-8FDC-42A3-9474-1A3956D46DE8}") = "Discount", "Discount", "{0C486609-CA54-4D5A-A582-250510BFFF2D}"
EndProject
Project("{9A19103F-16F7-4668-BE54-9A1E7A4F7556}") = "Discount.Grpc", "Services\Discount\Discount.Grpc\Discount.Grpc.csproj", "{B1836C18-94B5-4CF9-AF26-40AE6D31AE09}"
EndProject
Project("{2150E333-8FDC-42A3-9474-1A3956D46DE8}") = "Ordering", "Ordering", "{2C334EDD-10EE-4B31-8899-0C970F0B366F}"
EndProject
Project("{FAE04EC0-301F-11D3-BF4B-00C04F79EFBC}") = "Ordering.API", "Services\Ordering\Ordering.API\Ordering.API.csproj", "{3949FA74-A45E-4D40-B381-B41CA7E244F1}"
EndProject
Project("{FAE04EC0-301F-11D3-BF4B-00C04F79EFBC}") = "Ordering.Domain", "Services\Ordering\Ordering.Domain\Ordering.Domain.csproj", "{D94FB95E-BC6F-4A27-8FC3-0764F13CBBB9}"
EndProject
Project("{FAE04EC0-301F-11D3-BF4B-00C04F79EFBC}") = "Ordering.Application", "Services\Ordering\Ordering.Application\Ordering.Application.csproj", "{1542A503-4ED1-4130-AF39-F151A0598E3F}"
EndProject
Project("{FAE04EC0-301F-11D3-BF4B-00C04F79EFBC}") = "Ordering.Infrastructure", "Services\Ordering\Ordering.Infrastructure\Ordering.Infrastructure.csproj", "{3A34F538-24CD-4532-A0FB-CE2CF8AECD01}"
EndProject
Global
	GlobalSection(SolutionConfigurationPlatforms) = preSolution
		Debug|Any CPU = Debug|Any CPU
		Release|Any CPU = Release|Any CPU
	EndGlobalSection
	GlobalSection(ProjectConfigurationPlatforms) = postSolution
		{C0F59C99-FA69-4BF1-9A49-47DC8ECBF54D}.Debug|Any CPU.ActiveCfg = Debug|Any CPU
		{C0F59C99-FA69-4BF1-9A49-47DC8ECBF54D}.Debug|Any CPU.Build.0 = Debug|Any CPU
		{C0F59C99-FA69-4BF1-9A49-47DC8ECBF54D}.Release|Any CPU.ActiveCfg = Release|Any CPU
		{C0F59C99-FA69-4BF1-9A49-47DC8ECBF54D}.Release|Any CPU.Build.0 = Release|Any CPU
		{887999D2-4EC5-40DA-BEA6-253A4F1A19CA}.Debug|Any CPU.ActiveCfg = Debug|Any CPU
		{887999D2-4EC5-40DA-BEA6-253A4F1A19CA}.Debug|Any CPU.Build.0 = Debug|Any CPU
		{887999D2-4EC5-40DA-BEA6-253A4F1A19CA}.Release|Any CPU.ActiveCfg = Release|Any CPU
		{887999D2-4EC5-40DA-BEA6-253A4F1A19CA}.Release|Any CPU.Build.0 = Release|Any CPU
		{85B530C1-90C7-4D93-8D7B-6A926331D844}.Debug|Any CPU.ActiveCfg = Debug|Any CPU
		{85B530C1-90C7-4D93-8D7B-6A926331D844}.Debug|Any CPU.Build.0 = Debug|Any CPU
		{85B530C1-90C7-4D93-8D7B-6A926331D844}.Release|Any CPU.ActiveCfg = Release|Any CPU
		{85B530C1-90C7-4D93-8D7B-6A926331D844}.Release|Any CPU.Build.0 = Release|Any CPU
		{38C5D24D-0DF3-4B08-BAD8-422B30F6A62F}.Debug|Any CPU.ActiveCfg = Debug|Any CPU
		{38C5D24D-0DF3-4B08-BAD8-422B30F6A62F}.Debug|Any CPU.Build.0 = Debug|Any CPU
		{38C5D24D-0DF3-4B08-BAD8-422B30F6A62F}.Release|Any CPU.ActiveCfg = Release|Any CPU
		{38C5D24D-0DF3-4B08-BAD8-422B30F6A62F}.Release|Any CPU.Build.0 = Release|Any CPU
		{B1836C18-94B5-4CF9-AF26-40AE6D31AE09}.Debug|Any CPU.ActiveCfg = Debug|Any CPU
		{B1836C18-94B5-4CF9-AF26-40AE6D31AE09}.Debug|Any CPU.Build.0 = Debug|Any CPU
		{B1836C18-94B5-4CF9-AF26-40AE6D31AE09}.Release|Any CPU.ActiveCfg = Release|Any CPU
		{B1836C18-94B5-4CF9-AF26-40AE6D31AE09}.Release|Any CPU.Build.0 = Release|Any CPU
		{3949FA74-A45E-4D40-B381-B41CA7E244F1}.Debug|Any CPU.ActiveCfg = Debug|Any CPU
		{3949FA74-A45E-4D40-B381-B41CA7E244F1}.Debug|Any CPU.Build.0 = Debug|Any CPU
		{3949FA74-A45E-4D40-B381-B41CA7E244F1}.Release|Any CPU.ActiveCfg = Release|Any CPU
		{3949FA74-A45E-4D40-B381-B41CA7E244F1}.Release|Any CPU.Build.0 = Release|Any CPU
		{D94FB95E-BC6F-4A27-8FC3-0764F13CBBB9}.Debug|Any CPU.ActiveCfg = Debug|Any CPU
		{D94FB95E-BC6F-4A27-8FC3-0764F13CBBB9}.Debug|Any CPU.Build.0 = Debug|Any CPU
		{D94FB95E-BC6F-4A27-8FC3-0764F13CBBB9}.Release|Any CPU.ActiveCfg = Release|Any CPU
		{D94FB95E-BC6F-4A27-8FC3-0764F13CBBB9}.Release|Any CPU.Build.0 = Release|Any CPU
		{1542A503-4ED1-4130-AF39-F151A0598E3F}.Debug|Any CPU.ActiveCfg = Debug|Any CPU
		{1542A503-4ED1-4130-AF39-F151A0598E3F}.Debug|Any CPU.Build.0 = Debug|Any CPU
		{1542A503-4ED1-4130-AF39-F151A0598E3F}.Release|Any CPU.ActiveCfg = Release|Any CPU
		{1542A503-4ED1-4130-AF39-F151A0598E3F}.Release|Any CPU.Build.0 = Release|Any CPU
		{3A34F538-24CD-4532-A0FB-CE2CF8AECD01}.Debug|Any CPU.ActiveCfg = Debug|Any CPU
		{3A34F538-24CD-4532-A0FB-CE2CF8AECD01}.Debug|Any CPU.Build.0 = Debug|Any CPU
		{3A34F538-24CD-4532-A0FB-CE2CF8AECD01}.Release|Any CPU.ActiveCfg = Release|Any CPU
		{3A34F538-24CD-4532-A0FB-CE2CF8AECD01}.Release|Any CPU.Build.0 = Release|Any CPU
	EndGlobalSection
	GlobalSection(SolutionProperties) = preSolution
		HideSolutionNode = FALSE
	EndGlobalSection
	GlobalSection(NestedProjects) = preSolution
		{4547E135-B382-455F-9FF2-E252E60B807D} = {63827621-7907-4DAD-A782-99D9ED98DAFA}
		{C0F59C99-FA69-4BF1-9A49-47DC8ECBF54D} = {4547E135-B382-455F-9FF2-E252E60B807D}
		{887999D2-4EC5-40DA-BEA6-253A4F1A19CA} = {3537C254-3620-4090-B244-751756878411}
		{6C4C4B6A-FAA1-414E-8A92-204D3ECC7729} = {63827621-7907-4DAD-A782-99D9ED98DAFA}
		{38C5D24D-0DF3-4B08-BAD8-422B30F6A62F} = {6C4C4B6A-FAA1-414E-8A92-204D3ECC7729}
		{0C486609-CA54-4D5A-A582-250510BFFF2D} = {63827621-7907-4DAD-A782-99D9ED98DAFA}
		{B1836C18-94B5-4CF9-AF26-40AE6D31AE09} = {0C486609-CA54-4D5A-A582-250510BFFF2D}
		{2C334EDD-10EE-4B31-8899-0C970F0B366F} = {63827621-7907-4DAD-A782-99D9ED98DAFA}
		{3949FA74-A45E-4D40-B381-B41CA7E244F1} = {2C334EDD-10EE-4B31-8899-0C970F0B366F}
		{D94FB95E-BC6F-4A27-8FC3-0764F13CBBB9} = {2C334EDD-10EE-4B31-8899-0C970F0B366F}
		{1542A503-4ED1-4130-AF39-F151A0598E3F} = {2C334EDD-10EE-4B31-8899-0C970F0B366F}
		{3A34F538-24CD-4532-A0FB-CE2CF8AECD01} = {2C334EDD-10EE-4B31-8899-0C970F0B366F}
	EndGlobalSection
	GlobalSection(ExtensibilityGlobals) = postSolution
		SolutionGuid = {070FF290-CA9A-472F-B86A-4709CE2B7DAA}
	EndGlobalSection
EndGlobal
